
Microsoft Visual Studio Solution File, Format Version 12.00
# Visual Studio Version 17
VisualStudioVersion = 17.7.34202.233
MinimumVisualStudioVersion = 10.0.40219.1
Project("{FAE04EC0-301F-11D3-BF4B-00C04F79EFBC}") = "Entidades", "Entidades\Entidades.csproj", "{13EDDAB8-649D-4898-A7D7-5BA98D113185}"
EndProject
Global
	GlobalSection(SolutionConfigurationPlatforms) = preSolution
		Debug|Any CPU = Debug|Any CPU
		Release|Any CPU = Release|Any CPU
	EndGlobalSection
	GlobalSection(ProjectConfigurationPlatforms) = postSolution
		{13EDDAB8-649D-4898-A7D7-5BA98D113185}.Debug|Any CPU.ActiveCfg = Debug|Any CPU
		{13EDDAB8-649D-4898-A7D7-5BA98D113185}.Debug|Any CPU.Build.0 = Debug|Any CPU
		{13EDDAB8-649D-4898-A7D7-5BA98D113185}.Release|Any CPU.ActiveCfg = Release|Any CPU
		{13EDDAB8-649D-4898-A7D7-5BA98D113185}.Release|Any CPU.Build.0 = Release|Any CPU
	EndGlobalSection
	GlobalSection(SolutionProperties) = preSolution
		HideSolutionNode = FALSE
	EndGlobalSection
	GlobalSection(ExtensibilityGlobals) = postSolution
		SolutionGuid = {AE9953C3-23C2-4E55-BB48-4A4BC4913A56}
	EndGlobalSection
EndGlobal
